
Microsoft Visual Studio Solution File, Format Version 12.00
# Visual Studio Version 17
VisualStudioVersion = 17.6.33815.320
MinimumVisualStudioVersion = 10.0.40219.1
Project("{FAE04EC0-301F-11D3-BF4B-00C04F79EFBC}") = "SlipBot", "SlipBot\SlipBot.csproj", "{F7347366-8886-46E0-B95D-21E8A0CA4917}"
EndProject
Global
	GlobalSection(SolutionConfigurationPlatforms) = preSolution
		Debug|Any CPU = Debug|Any CPU
		Release|Any CPU = Release|Any CPU
	EndGlobalSection
	GlobalSection(ProjectConfigurationPlatforms) = postSolution
		{F7347366-8886-46E0-B95D-21E8A0CA4917}.Debug|Any CPU.ActiveCfg = Debug|Any CPU
		{F7347366-8886-46E0-B95D-21E8A0CA4917}.Debug|Any CPU.Build.0 = Debug|Any CPU
		{F7347366-8886-46E0-B95D-21E8A0CA4917}.Release|Any CPU.ActiveCfg = Release|Any CPU
		{F7347366-8886-46E0-B95D-21E8A0CA4917}.Release|Any CPU.Build.0 = Release|Any CPU
	EndGlobalSection
	GlobalSection(SolutionProperties) = preSolution
		HideSolutionNode = FALSE
	EndGlobalSection
	GlobalSection(ExtensibilityGlobals) = postSolution
		SolutionGuid = {DB875A2C-D7C8-4C41-83A8-5BF13E27DDD0}
	EndGlobalSection
EndGlobal
